// !$*UTF8*$!
{
	archiveVersion = 1;
	classes = {
	};
	objectVersion = 50;
	objects = {

/* Begin PBXBuildFile section */
		65D10A2623729E9B004EC1E8 /* AppDelegate.swift in Sources */ = {isa = PBXBuildFile; fileRef = 65D10A2523729E9B004EC1E8 /* AppDelegate.swift */; };
		65D10A2823729E9B004EC1E8 /* SceneDelegate.swift in Sources */ = {isa = PBXBuildFile; fileRef = 65D10A2723729E9B004EC1E8 /* SceneDelegate.swift */; };
		65D10A2A23729E9B004EC1E8 /* ViewController.swift in Sources */ = {isa = PBXBuildFile; fileRef = 65D10A2923729E9B004EC1E8 /* ViewController.swift */; };
		65D10A2D23729E9B004EC1E8 /* Main.storyboard in Resources */ = {isa = PBXBuildFile; fileRef = 65D10A2B23729E9B004EC1E8 /* Main.storyboard */; };
		65D10A2F23729E9C004EC1E8 /* Assets.xcassets in Resources */ = {isa = PBXBuildFile; fileRef = 65D10A2E23729E9C004EC1E8 /* Assets.xcassets */; };
		65D10A3223729E9C004EC1E8 /* LaunchScreen.storyboard in Resources */ = {isa = PBXBuildFile; fileRef = 65D10A3023729E9C004EC1E8 /* LaunchScreen.storyboard */; };
		95C25D1D4092571F97EC251D /* Pods_Project_test_map.framework in Frameworks */ = {isa = PBXBuildFile; fileRef = F727F2CF86689C93F8C85AE9 /* Pods_Project_test_map.framework */; };
/* End PBXBuildFile section */

/* Begin PBXFileReference section */
		65D10A2223729E9B004EC1E8 /* Project test map.app */ = {isa = PBXFileReference; explicitFileType = wrapper.application; includeInIndex = 0; path = "Project test map.app"; sourceTree = BUILT_PRODUCTS_DIR; };
		65D10A2523729E9B004EC1E8 /* AppDelegate.swift */ = {isa = PBXFileReference; lastKnownFileType = sourcecode.swift; path = AppDelegate.swift; sourceTree = "<group>"; };
		65D10A2723729E9B004EC1E8 /* SceneDelegate.swift */ = {isa = PBXFileReference; lastKnownFileType = sourcecode.swift; path = SceneDelegate.swift; sourceTree = "<group>"; };
		65D10A2923729E9B004EC1E8 /* ViewController.swift */ = {isa = PBXFileReference; lastKnownFileType = sourcecode.swift; path = ViewController.swift; sourceTree = "<group>"; };
		65D10A2C23729E9B004EC1E8 /* Base */ = {isa = PBXFileReference; lastKnownFileType = file.storyboard; name = Base; path = Base.lproj/Main.storyboard; sourceTree = "<group>"; };
		65D10A2E23729E9C004EC1E8 /* Assets.xcassets */ = {isa = PBXFileReference; lastKnownFileType = folder.assetcatalog; path = Assets.xcassets; sourceTree = "<group>"; };
		65D10A3123729E9C004EC1E8 /* Base */ = {isa = PBXFileReference; lastKnownFileType = file.storyboard; name = Base; path = Base.lproj/LaunchScreen.storyboard; sourceTree = "<group>"; };
		65D10A3323729E9C004EC1E8 /* Info.plist */ = {isa = PBXFileReference; lastKnownFileType = text.plist.xml; path = Info.plist; sourceTree = "<group>"; };
		AC8928FCFA185CE993A04D21 /* Pods-Project test map.release.xcconfig */ = {isa = PBXFileReference; includeInIndex = 1; lastKnownFileType = text.xcconfig; name = "Pods-Project test map.release.xcconfig"; path = "Target Support Files/Pods-Project test map/Pods-Project test map.release.xcconfig"; sourceTree = "<group>"; };
		C22AFC5C1D896009BCDEBFF2 /* Pods-Project test map.debug.xcconfig */ = {isa = PBXFileReference; includeInIndex = 1; lastKnownFileType = text.xcconfig; name = "Pods-Project test map.debug.xcconfig"; path = "Target Support Files/Pods-Project test map/Pods-Project test map.debug.xcconfig"; sourceTree = "<group>"; };
		F727F2CF86689C93F8C85AE9 /* Pods_Project_test_map.framework */ = {isa = PBXFileReference; explicitFileType = wrapper.framework; includeInIndex = 0; path = Pods_Project_test_map.framework; sourceTree = BUILT_PRODUCTS_DIR; };
/* End PBXFileReference section */

/* Begin PBXFrameworksBuildPhase section */
		65D10A1F23729E9B004EC1E8 /* Frameworks */ = {
			isa = PBXFrameworksBuildPhase;
			buildActionMask = 2147483647;
			files = (
				95C25D1D4092571F97EC251D /* Pods_Project_test_map.framework in Frameworks */,
			);
			runOnlyForDeploymentPostprocessing = 0;
		};
/* End PBXFrameworksBuildPhase section */

/* Begin PBXGroup section */
		65D10A1923729E9A004EC1E8 = {
			isa = PBXGroup;
			children = (
				65D10A2423729E9B004EC1E8 /* Project test map */,
				65D10A2323729E9B004EC1E8 /* Products */,
				C959C4A167700B72E4D9E4D4 /* Pods */,
				E372C12BBBBB068F241F2FC7 /* Frameworks */,
			);
			sourceTree = "<group>";
		};
		65D10A2323729E9B004EC1E8 /* Products */ = {
			isa = PBXGroup;
			children = (
				65D10A2223729E9B004EC1E8 /* Project test map.app */,
			);
			name = Products;
			sourceTree = "<group>";
		};
		65D10A2423729E9B004EC1E8 /* Project test map */ = {
			isa = PBXGroup;
			children = (
				65D10A2523729E9B004EC1E8 /* AppDelegate.swift */,
				65D10A2723729E9B004EC1E8 /* SceneDelegate.swift */,
				65D10A2923729E9B004EC1E8 /* ViewController.swift */,
				65D10A2B23729E9B004EC1E8 /* Main.storyboard */,
				65D10A2E23729E9C004EC1E8 /* Assets.xcassets */,
				65D10A3023729E9C004EC1E8 /* LaunchScreen.storyboard */,
				65D10A3323729E9C004EC1E8 /* Info.plist */,
			);
			path = "Project test map";
			sourceTree = "<group>";
		};
		C959C4A167700B72E4D9E4D4 /* Pods */ = {
			isa = PBXGroup;
			children = (
				C22AFC5C1D896009BCDEBFF2 /* Pods-Project test map.debug.xcconfig */,
				AC8928FCFA185CE993A04D21 /* Pods-Project test map.release.xcconfig */,
			);
			name = Pods;
			path = Pods;
			sourceTree = "<group>";
		};
		E372C12BBBBB068F241F2FC7 /* Frameworks */ = {
			isa = PBXGroup;
			children = (
				F727F2CF86689C93F8C85AE9 /* Pods_Project_test_map.framework */,
			);
			name = Frameworks;
			sourceTree = "<group>";
		};
/* End PBXGroup section */

/* Begin PBXNativeTarget section */
		65D10A2123729E9B004EC1E8 /* Project test map */ = {
			isa = PBXNativeTarget;
			buildConfigurationList = 65D10A3623729E9C004EC1E8 /* Build configuration list for PBXNativeTarget "Project test map" */;
			buildPhases = (
				737348E6CEC81DE27D44BCD0 /* [CP] Check Pods Manifest.lock */,
				65D10A1E23729E9B004EC1E8 /* Sources */,
				65D10A1F23729E9B004EC1E8 /* Frameworks */,
				65D10A2023729E9B004EC1E8 /* Resources */,
				0B3A0C2E1F262D4129F6B780 /* [CP] Copy Pods Resources */,
			);
			buildRules = (
			);
			dependencies = (
			);
			name = "Project test map";
			productName = "Project test map";
			productReference = 65D10A2223729E9B004EC1E8 /* Project test map.app */;
			productType = "com.apple.product-type.application";
		};
/* End PBXNativeTarget section */

/* Begin PBXProject section */
		65D10A1A23729E9A004EC1E8 /* Project object */ = {
			isa = PBXProject;
			attributes = {
				LastSwiftUpdateCheck = 1120;
				LastUpgradeCheck = 1120;
				ORGANIZATIONNAME = "Neptune Wong";
				TargetAttributes = {
					65D10A2123729E9B004EC1E8 = {
						CreatedOnToolsVersion = 11.2;
					};
				};
			};
			buildConfigurationList = 65D10A1D23729E9A004EC1E8 /* Build configuration list for PBXProject "Project test map" */;
			compatibilityVersion = "Xcode 9.3";
			developmentRegion = en;
			hasScannedForEncodings = 0;
			knownRegions = (
				en,
				Base,
			);
			mainGroup = 65D10A1923729E9A004EC1E8;
			productRefGroup = 65D10A2323729E9B004EC1E8 /* Products */;
			projectDirPath = "";
			projectRoot = "";
			targets = (
				65D10A2123729E9B004EC1E8 /* Project test map */,
			);
		};
/* End PBXProject section */

/* Begin PBXResourcesBuildPhase section */
		65D10A2023729E9B004EC1E8 /* Resources */ = {
			isa = PBXResourcesBuildPhase;
			buildActionMask = 2147483647;
			files = (
				65D10A3223729E9C004EC1E8 /* LaunchScreen.storyboard in Resources */,
				65D10A2F23729E9C004EC1E8 /* Assets.xcassets in Resources */,
				65D10A2D23729E9B004EC1E8 /* Main.storyboard in Resources */,
			);
			runOnlyForDeploymentPostprocessing = 0;
		};
/* End PBXResourcesBuildPhase section */

/* Begin PBXShellScriptBuildPhase section */
		0B3A0C2E1F262D4129F6B780 /* [CP] Copy Pods Resources */ = {
			isa = PBXShellScriptBuildPhase;
			buildActionMask = 2147483647;
			files = (
			);
			inputFileListPaths = (
				"${PODS_ROOT}/Target Support Files/Pods-Project test map/Pods-Project test map-resources-${CONFIGURATION}-input-files.xcfilelist",
			);
			name = "[CP] Copy Pods Resources";
			outputFileListPaths = (
				"${PODS_ROOT}/Target Support Files/Pods-Project test map/Pods-Project test map-resources-${CONFIGURATION}-output-files.xcfilelist",
			);
			runOnlyForDeploymentPostprocessing = 0;
			shellPath = /bin/sh;
			shellScript = "\"${PODS_ROOT}/Target Support Files/Pods-Project test map/Pods-Project test map-resources.sh\"\n";
			showEnvVarsInLog = 0;
		};
		737348E6CEC81DE27D44BCD0 /* [CP] Check Pods Manifest.lock */ = {
			isa = PBXShellScriptBuildPhase;
			buildActionMask = 2147483647;
			files = (
			);
			inputFileListPaths = (
			);
			inputPaths = (
				"${PODS_PODFILE_DIR_PATH}/Podfile.lock",
				"${PODS_ROOT}/Manifest.lock",
			);
			name = "[CP] Check Pods Manifest.lock";
			outputFileListPaths = (
			);
			outputPaths = (
				"$(DERIVED_FILE_DIR)/Pods-Project test map-checkManifestLockResult.txt",
			);
			runOnlyForDeploymentPostprocessing = 0;
			shellPath = /bin/sh;
			shellScript = "diff \"${PODS_PODFILE_DIR_PATH}/Podfile.lock\" \"${PODS_ROOT}/Manifest.lock\" > /dev/null\nif [ $? != 0 ] ; then\n    # print error to STDERR\n    echo \"error: The sandbox is not in sync with the Podfile.lock. Run 'pod install' or update your CocoaPods installation.\" >&2\n    exit 1\nfi\n# This output is used by Xcode 'outputs' to avoid re-running this script phase.\necho \"SUCCESS\" > \"${SCRIPT_OUTPUT_FILE_0}\"\n";
			showEnvVarsInLog = 0;
		};
/* End PBXShellScriptBuildPhase section */

/* Begin PBXSourcesBuildPhase section */
		65D10A1E23729E9B004EC1E8 /* Sources */ = {
			isa = PBXSourcesBuildPhase;
			buildActionMask = 2147483647;
			files = (
				65D10A2A23729E9B004EC1E8 /* ViewController.swift in Sources */,
				65D10A2623729E9B004EC1E8 /* AppDelegate.swift in Sources */,
				65D10A2823729E9B004EC1E8 /* SceneDelegate.swift in Sources */,
			);
			runOnlyForDeploymentPostprocessing = 0;
		};
/* End PBXSourcesBuildPhase section */

/* Begin PBXVariantGroup section */
		65D10A2B23729E9B004EC1E8 /* Main.storyboard */ = {
			isa = PBXVariantGroup;
			children = (
				65D10A2C23729E9B004EC1E8 /* Base */,
			);
			name = Main.storyboard;
			sourceTree = "<group>";
		};
		65D10A3023729E9C004EC1E8 /* LaunchScreen.storyboard */ = {
			isa = PBXVariantGroup;
			children = (
				65D10A3123729E9C004EC1E8 /* Base */,
			);
			name = LaunchScreen.storyboard;
			sourceTree = "<group>";
		};
/* End PBXVariantGroup section */

/* Begin XCBuildConfiguration section */
		65D10A3423729E9C004EC1E8 /* Debug */ = {
			isa = XCBuildConfiguration;
			buildSettings = {
				ALWAYS_SEARCH_USER_PATHS = NO;
				CLANG_ANALYZER_NONNULL = YES;
				CLANG_ANALYZER_NUMBER_OBJECT_CONVERSION = YES_AGGRESSIVE;
				CLANG_CXX_LANGUAGE_STANDARD = "gnu++14";
				CLANG_CXX_LIBRARY = "libc++";
				CLANG_ENABLE_MODULES = YES;
				CLANG_ENABLE_OBJC_ARC = YES;
				CLANG_ENABLE_OBJC_WEAK = YES;
				CLANG_WARN_BLOCK_CAPTURE_AUTORELEASING = YES;
				CLANG_WARN_BOOL_CONVERSION = YES;
				CLANG_WARN_COMMA = YES;
				CLANG_WARN_CONSTANT_CONVERSION = YES;
				CLANG_WARN_DEPRECATED_OBJC_IMPLEMENTATIONS = YES;
				CLANG_WARN_DIRECT_OBJC_ISA_USAGE = YES_ERROR;
				CLANG_WARN_DOCUMENTATION_COMMENTS = YES;
				CLANG_WARN_EMPTY_BODY = YES;
				CLANG_WARN_ENUM_CONVERSION = YES;
				CLANG_WARN_INFINITE_RECURSION = YES;
				CLANG_WARN_INT_CONVERSION = YES;
				CLANG_WARN_NON_LITERAL_NULL_CONVERSION = YES;
				CLANG_WARN_OBJC_IMPLICIT_RETAIN_SELF = YES;
				CLANG_WARN_OBJC_LITERAL_CONVERSION = YES;
				CLANG_WARN_OBJC_ROOT_CLASS = YES_ERROR;
				CLANG_WARN_RANGE_LOOP_ANALYSIS = YES;
				CLANG_WARN_STRICT_PROTOTYPES = YES;
				CLANG_WARN_SUSPICIOUS_MOVE = YES;
				CLANG_WARN_UNGUARDED_AVAILABILITY = YES_AGGRESSIVE;
				CLANG_WARN_UNREACHABLE_CODE = YES;
				CLANG_WARN__DUPLICATE_METHOD_MATCH = YES;
				COPY_PHASE_STRIP = NO;
				DEBUG_INFORMATION_FORMAT = dwarf;
				ENABLE_STRICT_OBJC_MSGSEND = YES;
				ENABLE_TESTABILITY = YES;
				GCC_C_LANGUAGE_STANDARD = gnu11;
				GCC_DYNAMIC_NO_PIC = NO;
				GCC_NO_COMMON_BLOCKS = YES;
				GCC_OPTIMIZATION_LEVEL = 0;
				GCC_PREPROCESSOR_DEFINITIONS = (
					"DEBUG=1",
					"$(inherited)",
				);
				GCC_WARN_64_TO_32_BIT_CONVERSION = YES;
				GCC_WARN_ABOUT_RETURN_TYPE = YES_ERROR;
				GCC_WARN_UNDECLARED_SELECTOR = YES;
				GCC_WARN_UNINITIALIZED_AUTOS = YES_AGGRESSIVE;
				GCC_WARN_UNUSED_FUNCTION = YES;
				GCC_WARN_UNUSED_VARIABLE = YES;
				IPHONEOS_DEPLOYMENT_TARGET = 13.2;
				MTL_ENABLE_DEBUG_INFO = INCLUDE_SOURCE;
				MTL_FAST_MATH = YES;
				ONLY_ACTIVE_ARCH = YES;
				SDKROOT = iphoneos;
				SWIFT_ACTIVE_COMPILATION_CONDITIONS = DEBUG;
				SWIFT_OPTIMIZATION_LEVEL = "-Onone";
			};
			name = Debug;
		};
		65D10A3523729E9C004EC1E8 /* Release */ = {
			isa = XCBuildConfiguration;
			buildSettings = {
				ALWAYS_SEARCH_USER_PATHS = NO;
				CLANG_ANALYZER_NONNULL = YES;
				CLANG_ANALYZER_NUMBER_OBJECT_CONVERSION = YES_AGGRESSIVE;
				CLANG_CXX_LANGUAGE_STANDARD = "gnu++14";
				CLANG_CXX_LIBRARY = "libc++";
				CLANG_ENABLE_MODULES = YES;
				CLANG_ENABLE_OBJC_ARC = YES;
				CLANG_ENABLE_OBJC_WEAK = YES;
				CLANG_WARN_BLOCK_CAPTURE_AUTORELEASING = YES;
				CLANG_WARN_BOOL_CONVERSION = YES;
				CLANG_WARN_COMMA = YES;
				CLANG_WARN_CONSTANT_CONVERSION = YES;
				CLANG_WARN_DEPRECATED_OBJC_IMPLEMENTATIONS = YES;
				CLANG_WARN_DIRECT_OBJC_ISA_USAGE = YES_ERROR;
				CLANG_WARN_DOCUMENTATION_COMMENTS = YES;
				CLANG_WARN_EMPTY_BODY = YES;
				CLANG_WARN_ENUM_CONVERSION = YES;
				CLANG_WARN_INFINITE_RECURSION = YES;
				CLANG_WARN_INT_CONVERSION = YES;
				CLANG_WARN_NON_LITERAL_NULL_CONVERSION = YES;
				CLANG_WARN_OBJC_IMPLICIT_RETAIN_SELF = YES;
				CLANG_WARN_OBJC_LITERAL_CONVERSION = YES;
				CLANG_WARN_OBJC_ROOT_CLASS = YES_ERROR;
				CLANG_WARN_RANGE_LOOP_ANALYSIS = YES;
				CLANG_WARN_STRICT_PROTOTYPES = YES;
				CLANG_WARN_SUSPICIOUS_MOVE = YES;
				CLANG_WARN_UNGUARDED_AVAILABILITY = YES_AGGRESSIVE;
				CLANG_WARN_UNREACHABLE_CODE = YES;
				CLANG_WARN__DUPLICATE_METHOD_MATCH = YES;
				COPY_PHASE_STRIP = NO;
				DEBUG_INFORMATION_FORMAT = "dwarf-with-dsym";
				ENABLE_NS_ASSERTIONS = NO;
				ENABLE_STRICT_OBJC_MSGSEND = YES;
				GCC_C_LANGUAGE_STANDARD = gnu11;
				GCC_NO_COMMON_BLOCKS = YES;
				GCC_WARN_64_TO_32_BIT_CONVERSION = YES;
				GCC_WARN_ABOUT_RETURN_TYPE = YES_ERROR;
				GCC_WARN_UNDECLARED_SELECTOR = YES;
				GCC_WARN_UNINITIALIZED_AUTOS = YES_AGGRESSIVE;
				GCC_WARN_UNUSED_FUNCTION = YES;
				GCC_WARN_UNUSED_VARIABLE = YES;
				IPHONEOS_DEPLOYMENT_TARGET = 13.2;
				MTL_ENABLE_DEBUG_INFO = NO;
				MTL_FAST_MATH = YES;
				SDKROOT = iphoneos;
				SWIFT_COMPILATION_MODE = wholemodule;
				SWIFT_OPTIMIZATION_LEVEL = "-O";
				VALIDATE_PRODUCT = YES;
			};
			name = Release;
		};
		65D10A3723729E9C004EC1E8 /* Debug */ = {
			isa = XCBuildConfiguration;
			baseConfigurationReference = C22AFC5C1D896009BCDEBFF2 /* Pods-Project test map.debug.xcconfig */;
			buildSettings = {
				ASSETCATALOG_COMPILER_APPICON_NAME = AppIcon;
				CODE_SIGN_STYLE = Automatic;
				DEVELOPMENT_TEAM = 5WU42553L3;
				INFOPLIST_FILE = "Project test map/Info.plist";
				LD_RUNPATH_SEARCH_PATHS = (
					"$(inherited)",
					"@executable_path/Frameworks",
				);
				PRODUCT_BUNDLE_IDENTIFIER = "Neptune-Wong.Project-test-map";
				PRODUCT_NAME = "$(TARGET_NAME)";
				SWIFT_VERSION = 5.0;
				TARGETED_DEVICE_FAMILY = "1,2";
			};
			name = Debug;
		};
		65D10A3823729E9C004EC1E8 /* Release */ = {
			isa = XCBuildConfiguration;
			baseConfigurationReference = AC8928FCFA185CE993A04D21 /* Pods-Project test map.release.xcconfig */;
			buildSettings = {
				ASSETCATALOG_COMPILER_APPICON_NAME = AppIcon;
				CODE_SIGN_STYLE = Automatic;
				DEVELOPMENT_TEAM = 5WU42553L3;
				INFOPLIST_FILE = "Project test map/Info.plist";
				LD_RUNPATH_SEARCH_PATHS = (
					"$(inherited)",
					"@executable_path/Frameworks",
				);
				PRODUCT_BUNDLE_IDENTIFIER = "Neptune-Wong.Project-test-map";
				PRODUCT_NAME = "$(TARGET_NAME)";
				SWIFT_VERSION = 5.0;
				TARGETED_DEVICE_FAMILY = "1,2";
			};
			name = Release;
		};
/* End XCBuildConfiguration section */

/* Begin XCConfigurationList section */
		65D10A1D23729E9A004EC1E8 /* Build configuration list for PBXProject "Project test map" */ = {
			isa = XCConfigurationList;
			buildConfigurations = (
				65D10A3423729E9C004EC1E8 /* Debug */,
				65D10A3523729E9C004EC1E8 /* Release */,
			);
			defaultConfigurationIsVisible = 0;
			defaultConfigurationName = Release;
		};
		65D10A3623729E9C004EC1E8 /* Build configuration list for PBXNativeTarget "Project test map" */ = {
			isa = XCConfigurationList;
			buildConfigurations = (
				65D10A3723729E9C004EC1E8 /* Debug */,
				65D10A3823729E9C004EC1E8 /* Release */,
			);
			defaultConfigurationIsVisible = 0;
			defaultConfigurationName = Release;
		};
/* End XCConfigurationList section */
	};
	rootObject = 65D10A1A23729E9A004EC1E8 /* Project object */;
}
